
Microsoft Visual Studio Solution File, Format Version 12.00
# Visual Studio Version 17
VisualStudioVersion = 17.0.31423.177
MinimumVisualStudioVersion = 10.0.40219.1
Project("{FAE04EC0-301F-11D3-BF4B-00C04F79EFBC}") = "Ballistico.Android", "Ballistico\Ballistico.Android\Ballistico.Android.csproj", "{AC4A73AC-9908-4CD2-8175-996E21DBC2F5}"
EndProject
Project("{FAE04EC0-301F-11D3-BF4B-00C04F79EFBC}") = "Ballistico.iOS", "Ballistico\Ballistico.iOS\Ballistico.iOS.csproj", "{0A16CFE5-E859-48F9-A3CE-D98BF8946911}"
EndProject
Project("{FAE04EC0-301F-11D3-BF4B-00C04F79EFBC}") = "Ballistico", "Ballistico\Ballistico\Ballistico.csproj", "{FAD7CB41-292D-41F6-8AFC-BEED14D38ECE}"
EndProject
Global
	GlobalSection(SolutionConfigurationPlatforms) = preSolution
		Debug|Any CPU = Debug|Any CPU
		Debug|ARM = Debug|ARM
		Debug|ARM64 = Debug|ARM64
		Debug|iPhone = Debug|iPhone
		Debug|iPhoneSimulator = Debug|iPhoneSimulator
		Debug|x64 = Debug|x64
		Debug|x86 = Debug|x86
		Release|Any CPU = Release|Any CPU
		Release|ARM = Release|ARM
		Release|ARM64 = Release|ARM64
		Release|iPhone = Release|iPhone
		Release|iPhoneSimulator = Release|iPhoneSimulator
		Release|x64 = Release|x64
		Release|x86 = Release|x86
	EndGlobalSection
	GlobalSection(ProjectConfigurationPlatforms) = postSolution
		{AC4A73AC-9908-4CD2-8175-996E21DBC2F5}.Debug|Any CPU.ActiveCfg = Debug|Any CPU
		{AC4A73AC-9908-4CD2-8175-996E21DBC2F5}.Debug|Any CPU.Build.0 = Debug|Any CPU
		{AC4A73AC-9908-4CD2-8175-996E21DBC2F5}.Debug|Any CPU.Deploy.0 = Debug|Any CPU
		{AC4A73AC-9908-4CD2-8175-996E21DBC2F5}.Debug|ARM.ActiveCfg = Debug|Any CPU
		{AC4A73AC-9908-4CD2-8175-996E21DBC2F5}.Debug|ARM.Build.0 = Debug|Any CPU
		{AC4A73AC-9908-4CD2-8175-996E21DBC2F5}.Debug|ARM.Deploy.0 = Debug|Any CPU
		{AC4A73AC-9908-4CD2-8175-996E21DBC2F5}.Debug|ARM64.ActiveCfg = Debug|Any CPU
		{AC4A73AC-9908-4CD2-8175-996E21DBC2F5}.Debug|ARM64.Build.0 = Debug|Any CPU
		{AC4A73AC-9908-4CD2-8175-996E21DBC2F5}.Debug|ARM64.Deploy.0 = Debug|Any CPU
		{AC4A73AC-9908-4CD2-8175-996E21DBC2F5}.Debug|iPhone.ActiveCfg = Debug|Any CPU
		{AC4A73AC-9908-4CD2-8175-996E21DBC2F5}.Debug|iPhone.Build.0 = Debug|Any CPU
		{AC4A73AC-9908-4CD2-8175-996E21DBC2F5}.Debug|iPhone.Deploy.0 = Debug|Any CPU
		{AC4A73AC-9908-4CD2-8175-996E21DBC2F5}.Debug|iPhoneSimulator.ActiveCfg = Debug|Any CPU
		{AC4A73AC-9908-4CD2-8175-996E21DBC2F5}.Debug|iPhoneSimulator.Build.0 = Debug|Any CPU
		{AC4A73AC-9908-4CD2-8175-996E21DBC2F5}.Debug|iPhoneSimulator.Deploy.0 = Debug|Any CPU
		{AC4A73AC-9908-4CD2-8175-996E21DBC2F5}.Debug|x64.ActiveCfg = Debug|Any CPU
		{AC4A73AC-9908-4CD2-8175-996E21DBC2F5}.Debug|x64.Build.0 = Debug|Any CPU
		{AC4A73AC-9908-4CD2-8175-996E21DBC2F5}.Debug|x64.Deploy.0 = Debug|Any CPU
		{AC4A73AC-9908-4CD2-8175-996E21DBC2F5}.Debug|x86.ActiveCfg = Debug|Any CPU
		{AC4A73AC-9908-4CD2-8175-996E21DBC2F5}.Debug|x86.Build.0 = Debug|Any CPU
		{AC4A73AC-9908-4CD2-8175-996E21DBC2F5}.Debug|x86.Deploy.0 = Debug|Any CPU
		{AC4A73AC-9908-4CD2-8175-996E21DBC2F5}.Release|Any CPU.ActiveCfg = Release|Any CPU
		{AC4A73AC-9908-4CD2-8175-996E21DBC2F5}.Release|Any CPU.Build.0 = Release|Any CPU
		{AC4A73AC-9908-4CD2-8175-996E21DBC2F5}.Release|Any CPU.Deploy.0 = Release|Any CPU
		{AC4A73AC-9908-4CD2-8175-996E21DBC2F5}.Release|ARM.ActiveCfg = Release|Any CPU
		{AC4A73AC-9908-4CD2-8175-996E21DBC2F5}.Release|ARM.Build.0 = Release|Any CPU
		{AC4A73AC-9908-4CD2-8175-996E21DBC2F5}.Release|ARM.Deploy.0 = Release|Any CPU
		{AC4A73AC-9908-4CD2-8175-996E21DBC2F5}.Release|ARM64.ActiveCfg = Release|Any CPU
		{AC4A73AC-9908-4CD2-8175-996E21DBC2F5}.Release|ARM64.Build.0 = Release|Any CPU
		{AC4A73AC-9908-4CD2-8175-996E21DBC2F5}.Release|ARM64.Deploy.0 = Release|Any CPU
		{AC4A73AC-9908-4CD2-8175-996E21DBC2F5}.Release|iPhone.ActiveCfg = Release|Any CPU
		{AC4A73AC-9908-4CD2-8175-996E21DBC2F5}.Release|iPhone.Build.0 = Release|Any CPU
		{AC4A73AC-9908-4CD2-8175-996E21DBC2F5}.Release|iPhone.Deploy.0 = Release|Any CPU
		{AC4A73AC-9908-4CD2-8175-996E21DBC2F5}.Release|iPhoneSimulator.ActiveCfg = Release|Any CPU
		{AC4A73AC-9908-4CD2-8175-996E21DBC2F5}.Release|iPhoneSimulator.Build.0 = Release|Any CPU
		{AC4A73AC-9908-4CD2-8175-996E21DBC2F5}.Release|iPhoneSimulator.Deploy.0 = Release|Any CPU
		{AC4A73AC-9908-4CD2-8175-996E21DBC2F5}.Release|x64.ActiveCfg = Release|Any CPU
		{AC4A73AC-9908-4CD2-8175-996E21DBC2F5}.Release|x64.Build.0 = Release|Any CPU
		{AC4A73AC-9908-4CD2-8175-996E21DBC2F5}.Release|x64.Deploy.0 = Release|Any CPU
		{AC4A73AC-9908-4CD2-8175-996E21DBC2F5}.Release|x86.ActiveCfg = Release|Any CPU
		{AC4A73AC-9908-4CD2-8175-996E21DBC2F5}.Release|x86.Build.0 = Release|Any CPU
		{AC4A73AC-9908-4CD2-8175-996E21DBC2F5}.Release|x86.Deploy.0 = Release|Any CPU
		{0A16CFE5-E859-48F9-A3CE-D98BF8946911}.Debug|Any CPU.ActiveCfg = Debug|iPhoneSimulator
		{0A16CFE5-E859-48F9-A3CE-D98BF8946911}.Debug|ARM.ActiveCfg = Debug|iPhoneSimulator
		{0A16CFE5-E859-48F9-A3CE-D98BF8946911}.Debug|ARM64.ActiveCfg = Debug|iPhoneSimulator
		{0A16CFE5-E859-48F9-A3CE-D98BF8946911}.Debug|iPhone.ActiveCfg = Debug|iPhone
		{0A16CFE5-E859-48F9-A3CE-D98BF8946911}.Debug|iPhone.Build.0 = Debug|iPhone
		{0A16CFE5-E859-48F9-A3CE-D98BF8946911}.Debug|iPhoneSimulator.ActiveCfg = Debug|iPhoneSimulator
		{0A16CFE5-E859-48F9-A3CE-D98BF8946911}.Debug|iPhoneSimulator.Build.0 = Debug|iPhoneSimulator
		{0A16CFE5-E859-48F9-A3CE-D98BF8946911}.Debug|x64.ActiveCfg = Debug|iPhoneSimulator
		{0A16CFE5-E859-48F9-A3CE-D98BF8946911}.Debug|x86.ActiveCfg = Debug|iPhoneSimulator
		{0A16CFE5-E859-48F9-A3CE-D98BF8946911}.Release|Any CPU.ActiveCfg = Release|iPhoneSimulator
		{0A16CFE5-E859-48F9-A3CE-D98BF8946911}.Release|ARM.ActiveCfg = Release|iPhoneSimulator
		{0A16CFE5-E859-48F9-A3CE-D98BF8946911}.Release|ARM64.ActiveCfg = Release|iPhoneSimulator
		{0A16CFE5-E859-48F9-A3CE-D98BF8946911}.Release|iPhone.ActiveCfg = Release|iPhone
		{0A16CFE5-E859-48F9-A3CE-D98BF8946911}.Release|iPhone.Build.0 = Release|iPhone
		{0A16CFE5-E859-48F9-A3CE-D98BF8946911}.Release|iPhoneSimulator.ActiveCfg = Release|iPhoneSimulator
		{0A16CFE5-E859-48F9-A3CE-D98BF8946911}.Release|iPhoneSimulator.Build.0 = Release|iPhoneSimulator
		{0A16CFE5-E859-48F9-A3CE-D98BF8946911}.Release|x64.ActiveCfg = Release|iPhoneSimulator
		{0A16CFE5-E859-48F9-A3CE-D98BF8946911}.Release|x86.ActiveCfg = Release|iPhoneSimulator
		{FAD7CB41-292D-41F6-8AFC-BEED14D38ECE}.Debug|Any CPU.ActiveCfg = Debug|Any CPU
		{FAD7CB41-292D-41F6-8AFC-BEED14D38ECE}.Debug|Any CPU.Build.0 = Debug|Any CPU
		{FAD7CB41-292D-41F6-8AFC-BEED14D38ECE}.Debug|ARM.ActiveCfg = Debug|Any CPU
		{FAD7CB41-292D-41F6-8AFC-BEED14D38ECE}.Debug|ARM.Build.0 = Debug|Any CPU
		{FAD7CB41-292D-41F6-8AFC-BEED14D38ECE}.Debug|ARM64.ActiveCfg = Debug|Any CPU
		{FAD7CB41-292D-41F6-8AFC-BEED14D38ECE}.Debug|ARM64.Build.0 = Debug|Any CPU
		{FAD7CB41-292D-41F6-8AFC-BEED14D38ECE}.Debug|iPhone.ActiveCfg = Debug|Any CPU
		{FAD7CB41-292D-41F6-8AFC-BEED14D38ECE}.Debug|iPhone.Build.0 = Debug|Any CPU
		{FAD7CB41-292D-41F6-8AFC-BEED14D38ECE}.Debug|iPhoneSimulator.ActiveCfg = Debug|Any CPU
		{FAD7CB41-292D-41F6-8AFC-BEED14D38ECE}.Debug|iPhoneSimulator.Build.0 = Debug|Any CPU
		{FAD7CB41-292D-41F6-8AFC-BEED14D38ECE}.Debug|x64.ActiveCfg = Debug|Any CPU
		{FAD7CB41-292D-41F6-8AFC-BEED14D38ECE}.Debug|x64.Build.0 = Debug|Any CPU
		{FAD7CB41-292D-41F6-8AFC-BEED14D38ECE}.Debug|x86.ActiveCfg = Debug|Any CPU
		{FAD7CB41-292D-41F6-8AFC-BEED14D38ECE}.Debug|x86.Build.0 = Debug|Any CPU
		{FAD7CB41-292D-41F6-8AFC-BEED14D38ECE}.Release|Any CPU.ActiveCfg = Release|Any CPU
		{FAD7CB41-292D-41F6-8AFC-BEED14D38ECE}.Release|Any CPU.Build.0 = Release|Any CPU
		{FAD7CB41-292D-41F6-8AFC-BEED14D38ECE}.Release|ARM.ActiveCfg = Release|Any CPU
		{FAD7CB41-292D-41F6-8AFC-BEED14D38ECE}.Release|ARM.Build.0 = Release|Any CPU
		{FAD7CB41-292D-41F6-8AFC-BEED14D38ECE}.Release|ARM64.ActiveCfg = Release|Any CPU
		{FAD7CB41-292D-41F6-8AFC-BEED14D38ECE}.Release|ARM64.Build.0 = Release|Any CPU
		{FAD7CB41-292D-41F6-8AFC-BEED14D38ECE}.Release|iPhone.ActiveCfg = Release|Any CPU
		{FAD7CB41-292D-41F6-8AFC-BEED14D38ECE}.Release|iPhone.Build.0 = Release|Any CPU
		{FAD7CB41-292D-41F6-8AFC-BEED14D38ECE}.Release|iPhoneSimulator.ActiveCfg = Release|Any CPU
		{FAD7CB41-292D-41F6-8AFC-BEED14D38ECE}.Release|iPhoneSimulator.Build.0 = Release|Any CPU
		{FAD7CB41-292D-41F6-8AFC-BEED14D38ECE}.Release|x64.ActiveCfg = Release|Any CPU
		{FAD7CB41-292D-41F6-8AFC-BEED14D38ECE}.Release|x64.Build.0 = Release|Any CPU
		{FAD7CB41-292D-41F6-8AFC-BEED14D38ECE}.Release|x86.ActiveCfg = Release|Any CPU
		{FAD7CB41-292D-41F6-8AFC-BEED14D38ECE}.Release|x86.Build.0 = Release|Any CPU
	EndGlobalSection
	GlobalSection(SolutionProperties) = preSolution
		HideSolutionNode = FALSE
	EndGlobalSection
	GlobalSection(ExtensibilityGlobals) = postSolution
		SolutionGuid = {F229C862-7038-4429-A718-24993977F5DF}
	EndGlobalSection
EndGlobal
